
Microsoft Visual Studio Solution File, Format Version 12.00
# Visual Studio Version 16
VisualStudioVersion = 16.0.30717.126
MinimumVisualStudioVersion = 10.0.40219.1
Project("{2150E333-8FDC-42A3-9474-1A3956D46DE8}") = "Solution Items", "Solution Items", "{0BDB9C80-4918-4165-9E5C-0A0533A873CA}"
	ProjectSection(SolutionItems) = preProject
		.gitignore = .gitignore
		compose.yml = compose.yml
		docker-compose.yml = docker-compose.yml
	EndProjectSection
EndProject
Project("{2150E333-8FDC-42A3-9474-1A3956D46DE8}") = "Register", "Register", "{A30866EE-2F63-4F50-9524-57316C429284}"
EndProject
Project("{9A19103F-16F7-4668-BE54-9A1E7A4F7556}") = "Register.DataAccess", "Register\Register.DataAccess\Register.DataAccess.csproj", "{032B4A35-6EBF-4173-8B59-CF4F9F0ED3A1}"
EndProject
Project("{9A19103F-16F7-4668-BE54-9A1E7A4F7556}") = "Register.Repository", "Register\Register.Repository\Register.Repository.csproj", "{E065B537-BC77-4679-92C7-A2267A6D880D}"
EndProject
Project("{9A19103F-16F7-4668-BE54-9A1E7A4F7556}") = "Register.Business", "Register\Register.Business\Register.Business.csproj", "{F3C89704-50FA-47A9-9695-41C0BF0EEDC9}"
EndProject
Project("{9A19103F-16F7-4668-BE54-9A1E7A4F7556}") = "Register.Service", "Register\Register.Service\Register.Service.csproj", "{F753BBB1-ACEB-43E2-98DD-59F6202A7357}"
EndProject
Project("{2150E333-8FDC-42A3-9474-1A3956D46DE8}") = "Gateway", "Gateway", "{E19BCBC7-F5AA-492A-B900-78B43CF83AF7}"
EndProject
Project("{9A19103F-16F7-4668-BE54-9A1E7A4F7556}") = "Gateway.LogPublisher", "Gateway\Gateway.LogPublisher\Gateway.LogPublisher.csproj", "{5A1E6010-D3F2-4BDB-B517-B5BB203CABF2}"
EndProject
Project("{9A19103F-16F7-4668-BE54-9A1E7A4F7556}") = "Gateway.Middleware", "Gateway\Gateway.Middleware\Gateway.Middleware.csproj", "{7DD43AEC-4901-447F-B3FA-FAE76242A07C}"
EndProject
Project("{2150E333-8FDC-42A3-9474-1A3956D46DE8}") = "Infra", "Infra", "{622377BE-9BE6-4B44-9EDC-8DEA6C498D55}"
EndProject
Project("{2150E333-8FDC-42A3-9474-1A3956D46DE8}") = "LogQueue", "LogQueue", "{DD23A355-388F-49D1-BCC6-43BD8B49CAE4}"
EndProject
Project("{9A19103F-16F7-4668-BE54-9A1E7A4F7556}") = "LogQueue.Consumer", "LogQueue\LogQueue.Consumer\LogQueue.Consumer.csproj", "{1328E1FC-D26F-412A-B2E7-2AF1A1014F9B}"
EndProject
Project("{9A19103F-16F7-4668-BE54-9A1E7A4F7556}") = "LogQueue.DataAccess", "LogQueue\LogQueue.DataAccess\LogQueue.DataAccess.csproj", "{4052AC36-F094-44D5-B510-E54336487EBB}"
EndProject
Project("{2150E333-8FDC-42A3-9474-1A3956D46DE8}") = "Dummy", "Dummy", "{63518243-C051-45BE-ADF9-A014E186BF76}"
EndProject
Project("{9A19103F-16F7-4668-BE54-9A1E7A4F7556}") = "Dummy.API", "Dummy\Dummy.API\Dummy.API.csproj", "{1FDBE8C8-32EC-4AEF-8554-02D174F6FF25}"
EndProject
Project("{2150E333-8FDC-42A3-9474-1A3956D46DE8}") = "Notifier", "Notifier", "{F106F563-3798-45D8-B381-4FC6840AE3E2}"
EndProject
Project("{9A19103F-16F7-4668-BE54-9A1E7A4F7556}") = "Notifier.Service", "Notifier\Notifier.Service\Notifier.Service.csproj", "{D0ABE046-8958-4568-9CEC-4E7FC703E984}"
EndProject
Project("{9A19103F-16F7-4668-BE54-9A1E7A4F7556}") = "Notifier.Business", "Notifier\Notifier.Business\Notifier.Business.csproj", "{513A56D4-D750-476A-9A83-6430FA91FFD2}"
EndProject
Project("{2150E333-8FDC-42A3-9474-1A3956D46DE8}") = "Core", "Core", "{8E608512-E85F-4217-83D3-C02F3F165394}"
EndProject
Project("{2150E333-8FDC-42A3-9474-1A3956D46DE8}") = "Extensions", "Extensions", "{8BA8540F-77EC-467F-8FCE-82358B583217}"
EndProject
Project("{2150E333-8FDC-42A3-9474-1A3956D46DE8}") = "CommonMessages", "CommonMessages", "{144A95ED-2CFB-4E3B-BFCB-9DFE380A8479}"
EndProject
Project("{2150E333-8FDC-42A3-9474-1A3956D46DE8}") = "Localization", "Localization", "{1D054367-9EC3-4F47-B840-13BB282D040D}"
EndProject
Project("{9A19103F-16F7-4668-BE54-9A1E7A4F7556}") = "Infra.CommonMessages", "Infra\CommonMessages\Infra.CommonMessages\Infra.CommonMessages.csproj", "{3FCFFFBB-66F8-494A-9D67-F53F3F6F7E38}"
EndProject
Project("{9A19103F-16F7-4668-BE54-9A1E7A4F7556}") = "Infra.Core.DataAccess", "Infra\Core\Infra.Core.DataAccess\Infra.Core.DataAccess.csproj", "{529C45AA-83C7-447C-B4C3-D3DF4D716576}"
EndProject
Project("{9A19103F-16F7-4668-BE54-9A1E7A4F7556}") = "Infra.Extensions", "Infra\Extensions\Infra.Extensions\Infra.Extensions.csproj", "{4E2EE29E-E412-46E5-92BF-3BE4CED3DD1B}"
EndProject
Project("{9A19103F-16F7-4668-BE54-9A1E7A4F7556}") = "Infra.Localizer", "Infra\Localization\Infra.Localizer\Infra.Localizer.csproj", "{6AD3BD1A-40CB-4D02-8F05-611D5BBEA98D}"
EndProject
Project("{9A19103F-16F7-4668-BE54-9A1E7A4F7556}") = "Infra.Localizer.DataAccess", "Infra\Localization\Infra.Localizer.DataAccess\Infra.Localizer.DataAccess.csproj", "{64FC8CEE-3591-4ACA-B99E-5A6DCD0B2B39}"
EndProject
Project("{9A19103F-16F7-4668-BE54-9A1E7A4F7556}") = "Infra.Localizer.Repository", "Infra\Localization\Infra.Localizer.Repository\Infra.Localizer.Repository.csproj", "{95A4428F-79A9-4E4E-9A67-E40DE135A86B}"
EndProject
Project("{2150E333-8FDC-42A3-9474-1A3956D46DE8}") = "Helper", "Helper", "{C0FD95E5-001A-4AAF-BBCC-038FD9362837}"
EndProject
Project("{FAE04EC0-301F-11D3-BF4B-00C04F79EFBC}") = "Infra.Helper", "Infra\Helper\Infra.Helper\Infra.Helper.csproj", "{80C51C05-DBD1-4117-A626-0F1FFE247BA1}"
EndProject
Global
	GlobalSection(SolutionConfigurationPlatforms) = preSolution
		Debug|Any CPU = Debug|Any CPU
		Release|Any CPU = Release|Any CPU
	EndGlobalSection
	GlobalSection(ProjectConfigurationPlatforms) = postSolution
		{032B4A35-6EBF-4173-8B59-CF4F9F0ED3A1}.Debug|Any CPU.ActiveCfg = Debug|Any CPU
		{032B4A35-6EBF-4173-8B59-CF4F9F0ED3A1}.Debug|Any CPU.Build.0 = Debug|Any CPU
		{032B4A35-6EBF-4173-8B59-CF4F9F0ED3A1}.Release|Any CPU.ActiveCfg = Release|Any CPU
		{032B4A35-6EBF-4173-8B59-CF4F9F0ED3A1}.Release|Any CPU.Build.0 = Release|Any CPU
		{E065B537-BC77-4679-92C7-A2267A6D880D}.Debug|Any CPU.ActiveCfg = Debug|Any CPU
		{E065B537-BC77-4679-92C7-A2267A6D880D}.Debug|Any CPU.Build.0 = Debug|Any CPU
		{E065B537-BC77-4679-92C7-A2267A6D880D}.Release|Any CPU.ActiveCfg = Release|Any CPU
		{E065B537-BC77-4679-92C7-A2267A6D880D}.Release|Any CPU.Build.0 = Release|Any CPU
		{F3C89704-50FA-47A9-9695-41C0BF0EEDC9}.Debug|Any CPU.ActiveCfg = Debug|Any CPU
		{F3C89704-50FA-47A9-9695-41C0BF0EEDC9}.Debug|Any CPU.Build.0 = Debug|Any CPU
		{F3C89704-50FA-47A9-9695-41C0BF0EEDC9}.Release|Any CPU.ActiveCfg = Release|Any CPU
		{F3C89704-50FA-47A9-9695-41C0BF0EEDC9}.Release|Any CPU.Build.0 = Release|Any CPU
		{F753BBB1-ACEB-43E2-98DD-59F6202A7357}.Debug|Any CPU.ActiveCfg = Debug|Any CPU
		{F753BBB1-ACEB-43E2-98DD-59F6202A7357}.Debug|Any CPU.Build.0 = Debug|Any CPU
		{F753BBB1-ACEB-43E2-98DD-59F6202A7357}.Release|Any CPU.ActiveCfg = Release|Any CPU
		{F753BBB1-ACEB-43E2-98DD-59F6202A7357}.Release|Any CPU.Build.0 = Release|Any CPU
		{5A1E6010-D3F2-4BDB-B517-B5BB203CABF2}.Debug|Any CPU.ActiveCfg = Debug|Any CPU
		{5A1E6010-D3F2-4BDB-B517-B5BB203CABF2}.Debug|Any CPU.Build.0 = Debug|Any CPU
		{5A1E6010-D3F2-4BDB-B517-B5BB203CABF2}.Release|Any CPU.ActiveCfg = Release|Any CPU
		{5A1E6010-D3F2-4BDB-B517-B5BB203CABF2}.Release|Any CPU.Build.0 = Release|Any CPU
		{7DD43AEC-4901-447F-B3FA-FAE76242A07C}.Debug|Any CPU.ActiveCfg = Debug|Any CPU
		{7DD43AEC-4901-447F-B3FA-FAE76242A07C}.Debug|Any CPU.Build.0 = Debug|Any CPU
		{7DD43AEC-4901-447F-B3FA-FAE76242A07C}.Release|Any CPU.ActiveCfg = Release|Any CPU
		{7DD43AEC-4901-447F-B3FA-FAE76242A07C}.Release|Any CPU.Build.0 = Release|Any CPU
		{1328E1FC-D26F-412A-B2E7-2AF1A1014F9B}.Debug|Any CPU.ActiveCfg = Debug|Any CPU
		{1328E1FC-D26F-412A-B2E7-2AF1A1014F9B}.Debug|Any CPU.Build.0 = Debug|Any CPU
		{1328E1FC-D26F-412A-B2E7-2AF1A1014F9B}.Release|Any CPU.ActiveCfg = Release|Any CPU
		{1328E1FC-D26F-412A-B2E7-2AF1A1014F9B}.Release|Any CPU.Build.0 = Release|Any CPU
		{4052AC36-F094-44D5-B510-E54336487EBB}.Debug|Any CPU.ActiveCfg = Debug|Any CPU
		{4052AC36-F094-44D5-B510-E54336487EBB}.Debug|Any CPU.Build.0 = Debug|Any CPU
		{4052AC36-F094-44D5-B510-E54336487EBB}.Release|Any CPU.ActiveCfg = Release|Any CPU
		{4052AC36-F094-44D5-B510-E54336487EBB}.Release|Any CPU.Build.0 = Release|Any CPU
		{1FDBE8C8-32EC-4AEF-8554-02D174F6FF25}.Debug|Any CPU.ActiveCfg = Debug|Any CPU
		{1FDBE8C8-32EC-4AEF-8554-02D174F6FF25}.Debug|Any CPU.Build.0 = Debug|Any CPU
		{1FDBE8C8-32EC-4AEF-8554-02D174F6FF25}.Release|Any CPU.ActiveCfg = Release|Any CPU
		{1FDBE8C8-32EC-4AEF-8554-02D174F6FF25}.Release|Any CPU.Build.0 = Release|Any CPU
		{D0ABE046-8958-4568-9CEC-4E7FC703E984}.Debug|Any CPU.ActiveCfg = Debug|Any CPU
		{D0ABE046-8958-4568-9CEC-4E7FC703E984}.Debug|Any CPU.Build.0 = Debug|Any CPU
		{D0ABE046-8958-4568-9CEC-4E7FC703E984}.Release|Any CPU.ActiveCfg = Release|Any CPU
		{D0ABE046-8958-4568-9CEC-4E7FC703E984}.Release|Any CPU.Build.0 = Release|Any CPU
		{513A56D4-D750-476A-9A83-6430FA91FFD2}.Debug|Any CPU.ActiveCfg = Debug|Any CPU
		{513A56D4-D750-476A-9A83-6430FA91FFD2}.Debug|Any CPU.Build.0 = Debug|Any CPU
		{513A56D4-D750-476A-9A83-6430FA91FFD2}.Release|Any CPU.ActiveCfg = Release|Any CPU
		{513A56D4-D750-476A-9A83-6430FA91FFD2}.Release|Any CPU.Build.0 = Release|Any CPU
		{3FCFFFBB-66F8-494A-9D67-F53F3F6F7E38}.Debug|Any CPU.ActiveCfg = Debug|Any CPU
		{3FCFFFBB-66F8-494A-9D67-F53F3F6F7E38}.Debug|Any CPU.Build.0 = Debug|Any CPU
		{3FCFFFBB-66F8-494A-9D67-F53F3F6F7E38}.Release|Any CPU.ActiveCfg = Release|Any CPU
		{3FCFFFBB-66F8-494A-9D67-F53F3F6F7E38}.Release|Any CPU.Build.0 = Release|Any CPU
		{529C45AA-83C7-447C-B4C3-D3DF4D716576}.Debug|Any CPU.ActiveCfg = Debug|Any CPU
		{529C45AA-83C7-447C-B4C3-D3DF4D716576}.Debug|Any CPU.Build.0 = Debug|Any CPU
		{529C45AA-83C7-447C-B4C3-D3DF4D716576}.Release|Any CPU.ActiveCfg = Release|Any CPU
		{529C45AA-83C7-447C-B4C3-D3DF4D716576}.Release|Any CPU.Build.0 = Release|Any CPU
		{4E2EE29E-E412-46E5-92BF-3BE4CED3DD1B}.Debug|Any CPU.ActiveCfg = Debug|Any CPU
		{4E2EE29E-E412-46E5-92BF-3BE4CED3DD1B}.Debug|Any CPU.Build.0 = Debug|Any CPU
		{4E2EE29E-E412-46E5-92BF-3BE4CED3DD1B}.Release|Any CPU.ActiveCfg = Release|Any CPU
		{4E2EE29E-E412-46E5-92BF-3BE4CED3DD1B}.Release|Any CPU.Build.0 = Release|Any CPU
		{6AD3BD1A-40CB-4D02-8F05-611D5BBEA98D}.Debug|Any CPU.ActiveCfg = Debug|Any CPU
		{6AD3BD1A-40CB-4D02-8F05-611D5BBEA98D}.Debug|Any CPU.Build.0 = Debug|Any CPU
		{6AD3BD1A-40CB-4D02-8F05-611D5BBEA98D}.Release|Any CPU.ActiveCfg = Release|Any CPU
		{6AD3BD1A-40CB-4D02-8F05-611D5BBEA98D}.Release|Any CPU.Build.0 = Release|Any CPU
		{64FC8CEE-3591-4ACA-B99E-5A6DCD0B2B39}.Debug|Any CPU.ActiveCfg = Debug|Any CPU
		{64FC8CEE-3591-4ACA-B99E-5A6DCD0B2B39}.Debug|Any CPU.Build.0 = Debug|Any CPU
		{64FC8CEE-3591-4ACA-B99E-5A6DCD0B2B39}.Release|Any CPU.ActiveCfg = Release|Any CPU
		{64FC8CEE-3591-4ACA-B99E-5A6DCD0B2B39}.Release|Any CPU.Build.0 = Release|Any CPU
		{95A4428F-79A9-4E4E-9A67-E40DE135A86B}.Debug|Any CPU.ActiveCfg = Debug|Any CPU
		{95A4428F-79A9-4E4E-9A67-E40DE135A86B}.Debug|Any CPU.Build.0 = Debug|Any CPU
		{95A4428F-79A9-4E4E-9A67-E40DE135A86B}.Release|Any CPU.ActiveCfg = Release|Any CPU
		{95A4428F-79A9-4E4E-9A67-E40DE135A86B}.Release|Any CPU.Build.0 = Release|Any CPU
		{80C51C05-DBD1-4117-A626-0F1FFE247BA1}.Debug|Any CPU.ActiveCfg = Debug|Any CPU
		{80C51C05-DBD1-4117-A626-0F1FFE247BA1}.Debug|Any CPU.Build.0 = Debug|Any CPU
		{80C51C05-DBD1-4117-A626-0F1FFE247BA1}.Release|Any CPU.ActiveCfg = Release|Any CPU
		{80C51C05-DBD1-4117-A626-0F1FFE247BA1}.Release|Any CPU.Build.0 = Release|Any CPU
	EndGlobalSection
	GlobalSection(SolutionProperties) = preSolution
		HideSolutionNode = FALSE
	EndGlobalSection
	GlobalSection(NestedProjects) = preSolution
		{032B4A35-6EBF-4173-8B59-CF4F9F0ED3A1} = {A30866EE-2F63-4F50-9524-57316C429284}
		{E065B537-BC77-4679-92C7-A2267A6D880D} = {A30866EE-2F63-4F50-9524-57316C429284}
		{F3C89704-50FA-47A9-9695-41C0BF0EEDC9} = {A30866EE-2F63-4F50-9524-57316C429284}
		{F753BBB1-ACEB-43E2-98DD-59F6202A7357} = {A30866EE-2F63-4F50-9524-57316C429284}
		{5A1E6010-D3F2-4BDB-B517-B5BB203CABF2} = {E19BCBC7-F5AA-492A-B900-78B43CF83AF7}
		{7DD43AEC-4901-447F-B3FA-FAE76242A07C} = {E19BCBC7-F5AA-492A-B900-78B43CF83AF7}
		{1328E1FC-D26F-412A-B2E7-2AF1A1014F9B} = {DD23A355-388F-49D1-BCC6-43BD8B49CAE4}
		{4052AC36-F094-44D5-B510-E54336487EBB} = {DD23A355-388F-49D1-BCC6-43BD8B49CAE4}
		{1FDBE8C8-32EC-4AEF-8554-02D174F6FF25} = {63518243-C051-45BE-ADF9-A014E186BF76}
		{D0ABE046-8958-4568-9CEC-4E7FC703E984} = {F106F563-3798-45D8-B381-4FC6840AE3E2}
		{513A56D4-D750-476A-9A83-6430FA91FFD2} = {F106F563-3798-45D8-B381-4FC6840AE3E2}
		{8E608512-E85F-4217-83D3-C02F3F165394} = {622377BE-9BE6-4B44-9EDC-8DEA6C498D55}
		{8BA8540F-77EC-467F-8FCE-82358B583217} = {622377BE-9BE6-4B44-9EDC-8DEA6C498D55}
		{144A95ED-2CFB-4E3B-BFCB-9DFE380A8479} = {622377BE-9BE6-4B44-9EDC-8DEA6C498D55}
		{1D054367-9EC3-4F47-B840-13BB282D040D} = {622377BE-9BE6-4B44-9EDC-8DEA6C498D55}
		{3FCFFFBB-66F8-494A-9D67-F53F3F6F7E38} = {144A95ED-2CFB-4E3B-BFCB-9DFE380A8479}
		{529C45AA-83C7-447C-B4C3-D3DF4D716576} = {8E608512-E85F-4217-83D3-C02F3F165394}
		{4E2EE29E-E412-46E5-92BF-3BE4CED3DD1B} = {8BA8540F-77EC-467F-8FCE-82358B583217}
		{6AD3BD1A-40CB-4D02-8F05-611D5BBEA98D} = {1D054367-9EC3-4F47-B840-13BB282D040D}
		{64FC8CEE-3591-4ACA-B99E-5A6DCD0B2B39} = {1D054367-9EC3-4F47-B840-13BB282D040D}
		{95A4428F-79A9-4E4E-9A67-E40DE135A86B} = {1D054367-9EC3-4F47-B840-13BB282D040D}
		{C0FD95E5-001A-4AAF-BBCC-038FD9362837} = {622377BE-9BE6-4B44-9EDC-8DEA6C498D55}
		{80C51C05-DBD1-4117-A626-0F1FFE247BA1} = {C0FD95E5-001A-4AAF-BBCC-038FD9362837}
	EndGlobalSection
	GlobalSection(ExtensibilityGlobals) = postSolution
		SolutionGuid = {B385B849-7D85-4824-9205-8B10B5F68129}
	EndGlobalSection
EndGlobal
