
Microsoft Visual Studio Solution File, Format Version 12.00
# Visual Studio Version 16
VisualStudioVersion = 16.0.30717.126
MinimumVisualStudioVersion = 10.0.40219.1
Project("{2150E333-8FDC-42A3-9474-1A3956D46DE8}") = "IdentityProvider", "IdentityProvider", "{E9FFE9C0-32DA-400A-82F0-186EA6E701EF}"
EndProject
Project("{9A19103F-16F7-4668-BE54-9A1E7A4F7556}") = "IdentityService", "IdentityService\IdentityService.csproj", "{E50113A4-376F-463D-9732-9043103AF789}"
EndProject
Project("{2150E333-8FDC-42A3-9474-1A3956D46DE8}") = "Register", "Register", "{FF5BC95D-BAE8-44B0-AC13-599133E2EA0C}"
EndProject
Project("{9A19103F-16F7-4668-BE54-9A1E7A4F7556}") = "RegisterService", "RegisterService\RegisterService.csproj", "{ABD270F5-3EAF-478A-9B48-F95296A49F0B}"
EndProject
Project("{2150E333-8FDC-42A3-9474-1A3956D46DE8}") = "Gateway", "Gateway", "{BC601146-F87B-438A-BC91-AAC3452B495F}"
EndProject
Project("{9A19103F-16F7-4668-BE54-9A1E7A4F7556}") = "GatewayService", "GatewayService\GatewayService.csproj", "{63864FF3-C959-4307-BCF6-8BB3B5D19F12}"
EndProject
Project("{2150E333-8FDC-42A3-9474-1A3956D46DE8}") = "Solution Items", "Solution Items", "{0BDB9C80-4918-4165-9E5C-0A0533A873CA}"
	ProjectSection(SolutionItems) = preProject
		.env = .env
		.gitignore = .gitignore
		compose.yml = compose.yml
		docker-compose.yml = docker-compose.yml
	EndProjectSection
EndProject
Project("{2150E333-8FDC-42A3-9474-1A3956D46DE8}") = "LoggerQueue", "LoggerQueue", "{F8CF4CA1-DB5A-4B41-8CB5-771FC71C708B}"
EndProject
Project("{9A19103F-16F7-4668-BE54-9A1E7A4F7556}") = "DatabaseAccess", "DatabaseAccess\DatabaseAccess.csproj", "{76CC6808-3E6E-4356-AF46-FC66255084D5}"
EndProject
Project("{9A19103F-16F7-4668-BE54-9A1E7A4F7556}") = "LogConsumer", "LogConsumer\LogConsumer.csproj", "{D1CFAFF9-B576-4DB6-A00F-CC9BE0C66EEB}"
EndProject
Project("{9A19103F-16F7-4668-BE54-9A1E7A4F7556}") = "LogPublisher", "LogPublisher\LogPublisher.csproj", "{FF26811E-DD1E-4BEA-899E-52976A602F83}"
EndProject
Project("{9A19103F-16F7-4668-BE54-9A1E7A4F7556}") = "Middleware", "Middleware\Middleware.csproj", "{ACB15797-7958-479A-B44A-606EAA24A9D1}"
EndProject
Project("{2150E333-8FDC-42A3-9474-1A3956D46DE8}") = "Infrastructure", "Infrastructure", "{1EC54B14-6D0E-4F33-89AA-2AD06C068087}"
EndProject
Project("{FAE04EC0-301F-11D3-BF4B-00C04F79EFBC}") = "deneme", "deneme\deneme.csproj", "{065AFE5B-D164-4B61-B076-377A37180603}"
EndProject
Project("{FAE04EC0-301F-11D3-BF4B-00C04F79EFBC}") = "TokenManager", "TokenManager\TokenManager.csproj", "{75C7BADA-0038-403D-992C-F3A2055C69FD}"
EndProject
Global
	GlobalSection(SolutionConfigurationPlatforms) = preSolution
		Debug|Any CPU = Debug|Any CPU
		Release|Any CPU = Release|Any CPU
	EndGlobalSection
	GlobalSection(ProjectConfigurationPlatforms) = postSolution
		{E50113A4-376F-463D-9732-9043103AF789}.Debug|Any CPU.ActiveCfg = Debug|Any CPU
		{E50113A4-376F-463D-9732-9043103AF789}.Debug|Any CPU.Build.0 = Debug|Any CPU
		{E50113A4-376F-463D-9732-9043103AF789}.Release|Any CPU.ActiveCfg = Release|Any CPU
		{E50113A4-376F-463D-9732-9043103AF789}.Release|Any CPU.Build.0 = Release|Any CPU
		{ABD270F5-3EAF-478A-9B48-F95296A49F0B}.Debug|Any CPU.ActiveCfg = Debug|Any CPU
		{ABD270F5-3EAF-478A-9B48-F95296A49F0B}.Debug|Any CPU.Build.0 = Debug|Any CPU
		{ABD270F5-3EAF-478A-9B48-F95296A49F0B}.Release|Any CPU.ActiveCfg = Release|Any CPU
		{ABD270F5-3EAF-478A-9B48-F95296A49F0B}.Release|Any CPU.Build.0 = Release|Any CPU
		{63864FF3-C959-4307-BCF6-8BB3B5D19F12}.Debug|Any CPU.ActiveCfg = Debug|Any CPU
		{63864FF3-C959-4307-BCF6-8BB3B5D19F12}.Debug|Any CPU.Build.0 = Debug|Any CPU
		{63864FF3-C959-4307-BCF6-8BB3B5D19F12}.Release|Any CPU.ActiveCfg = Release|Any CPU
		{63864FF3-C959-4307-BCF6-8BB3B5D19F12}.Release|Any CPU.Build.0 = Release|Any CPU
		{76CC6808-3E6E-4356-AF46-FC66255084D5}.Debug|Any CPU.ActiveCfg = Debug|Any CPU
		{76CC6808-3E6E-4356-AF46-FC66255084D5}.Debug|Any CPU.Build.0 = Debug|Any CPU
		{76CC6808-3E6E-4356-AF46-FC66255084D5}.Release|Any CPU.ActiveCfg = Release|Any CPU
		{76CC6808-3E6E-4356-AF46-FC66255084D5}.Release|Any CPU.Build.0 = Release|Any CPU
		{D1CFAFF9-B576-4DB6-A00F-CC9BE0C66EEB}.Debug|Any CPU.ActiveCfg = Debug|Any CPU
		{D1CFAFF9-B576-4DB6-A00F-CC9BE0C66EEB}.Debug|Any CPU.Build.0 = Debug|Any CPU
		{D1CFAFF9-B576-4DB6-A00F-CC9BE0C66EEB}.Release|Any CPU.ActiveCfg = Release|Any CPU
		{D1CFAFF9-B576-4DB6-A00F-CC9BE0C66EEB}.Release|Any CPU.Build.0 = Release|Any CPU
		{FF26811E-DD1E-4BEA-899E-52976A602F83}.Debug|Any CPU.ActiveCfg = Debug|Any CPU
		{FF26811E-DD1E-4BEA-899E-52976A602F83}.Debug|Any CPU.Build.0 = Debug|Any CPU
		{FF26811E-DD1E-4BEA-899E-52976A602F83}.Release|Any CPU.ActiveCfg = Release|Any CPU
		{FF26811E-DD1E-4BEA-899E-52976A602F83}.Release|Any CPU.Build.0 = Release|Any CPU
		{ACB15797-7958-479A-B44A-606EAA24A9D1}.Debug|Any CPU.ActiveCfg = Debug|Any CPU
		{ACB15797-7958-479A-B44A-606EAA24A9D1}.Debug|Any CPU.Build.0 = Debug|Any CPU
		{ACB15797-7958-479A-B44A-606EAA24A9D1}.Release|Any CPU.ActiveCfg = Release|Any CPU
		{ACB15797-7958-479A-B44A-606EAA24A9D1}.Release|Any CPU.Build.0 = Release|Any CPU
		{065AFE5B-D164-4B61-B076-377A37180603}.Debug|Any CPU.ActiveCfg = Debug|Any CPU
		{065AFE5B-D164-4B61-B076-377A37180603}.Debug|Any CPU.Build.0 = Debug|Any CPU
		{065AFE5B-D164-4B61-B076-377A37180603}.Release|Any CPU.ActiveCfg = Release|Any CPU
		{065AFE5B-D164-4B61-B076-377A37180603}.Release|Any CPU.Build.0 = Release|Any CPU
		{75C7BADA-0038-403D-992C-F3A2055C69FD}.Debug|Any CPU.ActiveCfg = Debug|Any CPU
		{75C7BADA-0038-403D-992C-F3A2055C69FD}.Debug|Any CPU.Build.0 = Debug|Any CPU
		{75C7BADA-0038-403D-992C-F3A2055C69FD}.Release|Any CPU.ActiveCfg = Release|Any CPU
		{75C7BADA-0038-403D-992C-F3A2055C69FD}.Release|Any CPU.Build.0 = Release|Any CPU
	EndGlobalSection
	GlobalSection(SolutionProperties) = preSolution
		HideSolutionNode = FALSE
	EndGlobalSection
	GlobalSection(NestedProjects) = preSolution
		{E50113A4-376F-463D-9732-9043103AF789} = {E9FFE9C0-32DA-400A-82F0-186EA6E701EF}
		{ABD270F5-3EAF-478A-9B48-F95296A49F0B} = {FF5BC95D-BAE8-44B0-AC13-599133E2EA0C}
		{63864FF3-C959-4307-BCF6-8BB3B5D19F12} = {BC601146-F87B-438A-BC91-AAC3452B495F}
		{76CC6808-3E6E-4356-AF46-FC66255084D5} = {F8CF4CA1-DB5A-4B41-8CB5-771FC71C708B}
		{D1CFAFF9-B576-4DB6-A00F-CC9BE0C66EEB} = {F8CF4CA1-DB5A-4B41-8CB5-771FC71C708B}
		{FF26811E-DD1E-4BEA-899E-52976A602F83} = {BC601146-F87B-438A-BC91-AAC3452B495F}
		{ACB15797-7958-479A-B44A-606EAA24A9D1} = {BC601146-F87B-438A-BC91-AAC3452B495F}
		{065AFE5B-D164-4B61-B076-377A37180603} = {BC601146-F87B-438A-BC91-AAC3452B495F}
		{75C7BADA-0038-403D-992C-F3A2055C69FD} = {E9FFE9C0-32DA-400A-82F0-186EA6E701EF}
	EndGlobalSection
	GlobalSection(ExtensibilityGlobals) = postSolution
		SolutionGuid = {B385B849-7D85-4824-9205-8B10B5F68129}
	EndGlobalSection
EndGlobal
