
Microsoft Visual Studio Solution File, Format Version 12.00
# Visual Studio Version 16
VisualStudioVersion = 16.0.30717.126
MinimumVisualStudioVersion = 10.0.40219.1
Project("{2150E333-8FDC-42A3-9474-1A3956D46DE8}") = "Solution Items", "Solution Items", "{0BDB9C80-4918-4165-9E5C-0A0533A873CA}"
	ProjectSection(SolutionItems) = preProject
		.dockerignore = .dockerignore
		.gitignore = .gitignore
		compose.yml = compose.yml
		docker-compose.yml = docker-compose.yml
	EndProjectSection
EndProject
Project("{2150E333-8FDC-42A3-9474-1A3956D46DE8}") = "Register", "Register", "{A30866EE-2F63-4F50-9524-57316C429284}"
EndProject
Project("{9A19103F-16F7-4668-BE54-9A1E7A4F7556}") = "Register.DataAccess", "Register\Register.DataAccess\Register.DataAccess.csproj", "{032B4A35-6EBF-4173-8B59-CF4F9F0ED3A1}"
EndProject
Project("{9A19103F-16F7-4668-BE54-9A1E7A4F7556}") = "Register.Repository", "Register\Register.Repository\Register.Repository.csproj", "{E065B537-BC77-4679-92C7-A2267A6D880D}"
EndProject
Project("{9A19103F-16F7-4668-BE54-9A1E7A4F7556}") = "Register.Business", "Register\Register.Business\Register.Business.csproj", "{F3C89704-50FA-47A9-9695-41C0BF0EEDC9}"
EndProject
Project("{9A19103F-16F7-4668-BE54-9A1E7A4F7556}") = "Register.API", "Register\Register.API\Register.API.csproj", "{F753BBB1-ACEB-43E2-98DD-59F6202A7357}"
EndProject
Project("{2150E333-8FDC-42A3-9474-1A3956D46DE8}") = "Gateway", "Gateway", "{E19BCBC7-F5AA-492A-B900-78B43CF83AF7}"
EndProject
Project("{9A19103F-16F7-4668-BE54-9A1E7A4F7556}") = "Infra.LogPublisher", "Infra\LogPublisher\Infra.LogPublisher.csproj", "{5A1E6010-D3F2-4BDB-B517-B5BB203CABF2}"
EndProject
Project("{2150E333-8FDC-42A3-9474-1A3956D46DE8}") = "Infra", "Infra", "{622377BE-9BE6-4B44-9EDC-8DEA6C498D55}"
EndProject
Project("{2150E333-8FDC-42A3-9474-1A3956D46DE8}") = "LogQueue", "LogQueue", "{DD23A355-388F-49D1-BCC6-43BD8B49CAE4}"
EndProject
Project("{9A19103F-16F7-4668-BE54-9A1E7A4F7556}") = "LogQueue.Consumer", "LogQueue\LogQueue.Consumer\LogQueue.Consumer.csproj", "{1328E1FC-D26F-412A-B2E7-2AF1A1014F9B}"
EndProject
Project("{9A19103F-16F7-4668-BE54-9A1E7A4F7556}") = "LogQueue.DataAccess", "LogQueue\LogQueue.DataAccess\LogQueue.DataAccess.csproj", "{4052AC36-F094-44D5-B510-E54336487EBB}"
EndProject
Project("{2150E333-8FDC-42A3-9474-1A3956D46DE8}") = "Notifier", "Notifier", "{F106F563-3798-45D8-B381-4FC6840AE3E2}"
EndProject
Project("{9A19103F-16F7-4668-BE54-9A1E7A4F7556}") = "Notifier.Service", "Notifier\Notifier.Service\Notifier.Service.csproj", "{D0ABE046-8958-4568-9CEC-4E7FC703E984}"
EndProject
Project("{9A19103F-16F7-4668-BE54-9A1E7A4F7556}") = "Notifier.Business", "Notifier\Notifier.Business\Notifier.Business.csproj", "{513A56D4-D750-476A-9A83-6430FA91FFD2}"
EndProject
Project("{2150E333-8FDC-42A3-9474-1A3956D46DE8}") = "Core", "Core", "{8E608512-E85F-4217-83D3-C02F3F165394}"
EndProject
Project("{2150E333-8FDC-42A3-9474-1A3956D46DE8}") = "Extensions", "Extensions", "{8BA8540F-77EC-467F-8FCE-82358B583217}"
EndProject
Project("{2150E333-8FDC-42A3-9474-1A3956D46DE8}") = "CommonMessages", "CommonMessages", "{144A95ED-2CFB-4E3B-BFCB-9DFE380A8479}"
EndProject
Project("{2150E333-8FDC-42A3-9474-1A3956D46DE8}") = "Localization", "Localization", "{1D054367-9EC3-4F47-B840-13BB282D040D}"
EndProject
Project("{9A19103F-16F7-4668-BE54-9A1E7A4F7556}") = "Infra.CommonMessages", "Infra\CommonMessages\Infra.CommonMessages\Infra.CommonMessages.csproj", "{3FCFFFBB-66F8-494A-9D67-F53F3F6F7E38}"
EndProject
Project("{9A19103F-16F7-4668-BE54-9A1E7A4F7556}") = "Infra.Core.DataAccess", "Infra\Core\Infra.Core.DataAccess\Infra.Core.DataAccess.csproj", "{529C45AA-83C7-447C-B4C3-D3DF4D716576}"
EndProject
Project("{9A19103F-16F7-4668-BE54-9A1E7A4F7556}") = "Infra.Extensions", "Infra\Extensions\Infra.Extensions\Infra.Extensions.csproj", "{4E2EE29E-E412-46E5-92BF-3BE4CED3DD1B}"
EndProject
Project("{9A19103F-16F7-4668-BE54-9A1E7A4F7556}") = "Infra.Localizer", "Infra\Localization\Infra.Localizer\Infra.Localizer.csproj", "{6AD3BD1A-40CB-4D02-8F05-611D5BBEA98D}"
EndProject
Project("{9A19103F-16F7-4668-BE54-9A1E7A4F7556}") = "Infra.Localizer.DataAccess", "Infra\Localization\Infra.Localizer.DataAccess\Infra.Localizer.DataAccess.csproj", "{64FC8CEE-3591-4ACA-B99E-5A6DCD0B2B39}"
EndProject
Project("{9A19103F-16F7-4668-BE54-9A1E7A4F7556}") = "Infra.Localizer.Repository", "Infra\Localization\Infra.Localizer.Repository\Infra.Localizer.Repository.csproj", "{95A4428F-79A9-4E4E-9A67-E40DE135A86B}"
EndProject
Project("{2150E333-8FDC-42A3-9474-1A3956D46DE8}") = "Helper", "Helper", "{C0FD95E5-001A-4AAF-BBCC-038FD9362837}"
EndProject
Project("{9A19103F-16F7-4668-BE54-9A1E7A4F7556}") = "Infra.Helper", "Infra\Helper\Infra.Helper\Infra.Helper.csproj", "{80C51C05-DBD1-4117-A626-0F1FFE247BA1}"
EndProject
Project("{9A19103F-16F7-4668-BE54-9A1E7A4F7556}") = "Gateway.API", "Gateway\Gateway.API\Gateway.API.csproj", "{F215FA31-9401-4BF0-9B92-B3ECFAFE5A7B}"
EndProject
Project("{2150E333-8FDC-42A3-9474-1A3956D46DE8}") = "Settings", "Settings", "{5E34215B-28AB-4A05-B3D8-EA7B3103971A}"
EndProject
Project("{2150E333-8FDC-42A3-9474-1A3956D46DE8}") = "Exceptions", "Exceptions", "{D8096C94-7D0C-46AB-B98B-2F52AD4AD066}"
EndProject
Project("{2150E333-8FDC-42A3-9474-1A3956D46DE8}") = "Middleware", "Middleware", "{69EA1831-CA99-4B19-B256-13D22A0E32FE}"
EndProject
Project("{9A19103F-16F7-4668-BE54-9A1E7A4F7556}") = "Infra.Middleware", "Infra\Middleware\Infra.Middleware\Infra.Middleware.csproj", "{057CC454-51C7-4B56-8484-0548D26594D1}"
EndProject
Project("{2150E333-8FDC-42A3-9474-1A3956D46DE8}") = "LogPublisher", "LogPublisher", "{4BF77AC1-7947-4A5B-9799-696FAA3B6B6F}"
EndProject
Project("{2150E333-8FDC-42A3-9474-1A3956D46DE8}") = "Constants", "Constants", "{E2B56E73-6B3C-42F0-81E9-74FDF05CBB1C}"
EndProject
Project("{9A19103F-16F7-4668-BE54-9A1E7A4F7556}") = "Infra.Constants", "Infra\Constants\Infra.Constants\Infra.Constants.csproj", "{BBC16CB9-99E5-4FA7-88B5-BA650B1E690A}"
EndProject
Project("{2150E333-8FDC-42A3-9474-1A3956D46DE8}") = "resources", "resources", "{929EDE91-F563-49E0-BE6B-283956C8A597}"
	ProjectSection(SolutionItems) = preProject
		resources\Configurations.PNG = resources\Configurations.PNG
	EndProjectSection
EndProject
Global
	GlobalSection(SolutionConfigurationPlatforms) = preSolution
		DEV|Any CPU = DEV|Any CPU
		PROD|Any CPU = PROD|Any CPU
		UAT|Any CPU = UAT|Any CPU
	EndGlobalSection
	GlobalSection(ProjectConfigurationPlatforms) = postSolution
		{032B4A35-6EBF-4173-8B59-CF4F9F0ED3A1}.DEV|Any CPU.ActiveCfg = DEV|Any CPU
		{032B4A35-6EBF-4173-8B59-CF4F9F0ED3A1}.DEV|Any CPU.Build.0 = DEV|Any CPU
		{032B4A35-6EBF-4173-8B59-CF4F9F0ED3A1}.PROD|Any CPU.ActiveCfg = PROD|Any CPU
		{032B4A35-6EBF-4173-8B59-CF4F9F0ED3A1}.PROD|Any CPU.Build.0 = PROD|Any CPU
		{032B4A35-6EBF-4173-8B59-CF4F9F0ED3A1}.UAT|Any CPU.ActiveCfg = UAT|Any CPU
		{032B4A35-6EBF-4173-8B59-CF4F9F0ED3A1}.UAT|Any CPU.Build.0 = UAT|Any CPU
		{E065B537-BC77-4679-92C7-A2267A6D880D}.DEV|Any CPU.ActiveCfg = DEV|Any CPU
		{E065B537-BC77-4679-92C7-A2267A6D880D}.DEV|Any CPU.Build.0 = DEV|Any CPU
		{E065B537-BC77-4679-92C7-A2267A6D880D}.PROD|Any CPU.ActiveCfg = PROD|Any CPU
		{E065B537-BC77-4679-92C7-A2267A6D880D}.PROD|Any CPU.Build.0 = PROD|Any CPU
		{E065B537-BC77-4679-92C7-A2267A6D880D}.UAT|Any CPU.ActiveCfg = UAT|Any CPU
		{E065B537-BC77-4679-92C7-A2267A6D880D}.UAT|Any CPU.Build.0 = UAT|Any CPU
		{F3C89704-50FA-47A9-9695-41C0BF0EEDC9}.DEV|Any CPU.ActiveCfg = DEV|Any CPU
		{F3C89704-50FA-47A9-9695-41C0BF0EEDC9}.DEV|Any CPU.Build.0 = DEV|Any CPU
		{F3C89704-50FA-47A9-9695-41C0BF0EEDC9}.PROD|Any CPU.ActiveCfg = PROD|Any CPU
		{F3C89704-50FA-47A9-9695-41C0BF0EEDC9}.PROD|Any CPU.Build.0 = PROD|Any CPU
		{F3C89704-50FA-47A9-9695-41C0BF0EEDC9}.UAT|Any CPU.ActiveCfg = UAT|Any CPU
		{F3C89704-50FA-47A9-9695-41C0BF0EEDC9}.UAT|Any CPU.Build.0 = UAT|Any CPU
		{F753BBB1-ACEB-43E2-98DD-59F6202A7357}.DEV|Any CPU.ActiveCfg = DEV|Any CPU
		{F753BBB1-ACEB-43E2-98DD-59F6202A7357}.DEV|Any CPU.Build.0 = DEV|Any CPU
		{F753BBB1-ACEB-43E2-98DD-59F6202A7357}.PROD|Any CPU.ActiveCfg = PROD|Any CPU
		{F753BBB1-ACEB-43E2-98DD-59F6202A7357}.PROD|Any CPU.Build.0 = PROD|Any CPU
		{F753BBB1-ACEB-43E2-98DD-59F6202A7357}.UAT|Any CPU.ActiveCfg = UAT|Any CPU
		{F753BBB1-ACEB-43E2-98DD-59F6202A7357}.UAT|Any CPU.Build.0 = UAT|Any CPU
		{5A1E6010-D3F2-4BDB-B517-B5BB203CABF2}.DEV|Any CPU.ActiveCfg = DEV|Any CPU
		{5A1E6010-D3F2-4BDB-B517-B5BB203CABF2}.DEV|Any CPU.Build.0 = DEV|Any CPU
		{5A1E6010-D3F2-4BDB-B517-B5BB203CABF2}.PROD|Any CPU.ActiveCfg = PROD|Any CPU
		{5A1E6010-D3F2-4BDB-B517-B5BB203CABF2}.PROD|Any CPU.Build.0 = PROD|Any CPU
		{5A1E6010-D3F2-4BDB-B517-B5BB203CABF2}.UAT|Any CPU.ActiveCfg = UAT|Any CPU
		{5A1E6010-D3F2-4BDB-B517-B5BB203CABF2}.UAT|Any CPU.Build.0 = UAT|Any CPU
		{1328E1FC-D26F-412A-B2E7-2AF1A1014F9B}.DEV|Any CPU.ActiveCfg = DEV|Any CPU
		{1328E1FC-D26F-412A-B2E7-2AF1A1014F9B}.DEV|Any CPU.Build.0 = DEV|Any CPU
		{1328E1FC-D26F-412A-B2E7-2AF1A1014F9B}.PROD|Any CPU.ActiveCfg = PROD|Any CPU
		{1328E1FC-D26F-412A-B2E7-2AF1A1014F9B}.PROD|Any CPU.Build.0 = PROD|Any CPU
		{1328E1FC-D26F-412A-B2E7-2AF1A1014F9B}.UAT|Any CPU.ActiveCfg = UAT|Any CPU
		{1328E1FC-D26F-412A-B2E7-2AF1A1014F9B}.UAT|Any CPU.Build.0 = UAT|Any CPU
		{4052AC36-F094-44D5-B510-E54336487EBB}.DEV|Any CPU.ActiveCfg = DEV|Any CPU
		{4052AC36-F094-44D5-B510-E54336487EBB}.DEV|Any CPU.Build.0 = DEV|Any CPU
		{4052AC36-F094-44D5-B510-E54336487EBB}.PROD|Any CPU.ActiveCfg = PROD|Any CPU
		{4052AC36-F094-44D5-B510-E54336487EBB}.PROD|Any CPU.Build.0 = PROD|Any CPU
		{4052AC36-F094-44D5-B510-E54336487EBB}.UAT|Any CPU.ActiveCfg = UAT|Any CPU
		{4052AC36-F094-44D5-B510-E54336487EBB}.UAT|Any CPU.Build.0 = UAT|Any CPU
		{D0ABE046-8958-4568-9CEC-4E7FC703E984}.DEV|Any CPU.ActiveCfg = DEV|Any CPU
		{D0ABE046-8958-4568-9CEC-4E7FC703E984}.DEV|Any CPU.Build.0 = DEV|Any CPU
		{D0ABE046-8958-4568-9CEC-4E7FC703E984}.PROD|Any CPU.ActiveCfg = PROD|Any CPU
		{D0ABE046-8958-4568-9CEC-4E7FC703E984}.PROD|Any CPU.Build.0 = PROD|Any CPU
		{D0ABE046-8958-4568-9CEC-4E7FC703E984}.UAT|Any CPU.ActiveCfg = UAT|Any CPU
		{D0ABE046-8958-4568-9CEC-4E7FC703E984}.UAT|Any CPU.Build.0 = UAT|Any CPU
		{513A56D4-D750-476A-9A83-6430FA91FFD2}.DEV|Any CPU.ActiveCfg = DEV|Any CPU
		{513A56D4-D750-476A-9A83-6430FA91FFD2}.DEV|Any CPU.Build.0 = DEV|Any CPU
		{513A56D4-D750-476A-9A83-6430FA91FFD2}.PROD|Any CPU.ActiveCfg = PROD|Any CPU
		{513A56D4-D750-476A-9A83-6430FA91FFD2}.PROD|Any CPU.Build.0 = PROD|Any CPU
		{513A56D4-D750-476A-9A83-6430FA91FFD2}.UAT|Any CPU.ActiveCfg = UAT|Any CPU
		{513A56D4-D750-476A-9A83-6430FA91FFD2}.UAT|Any CPU.Build.0 = UAT|Any CPU
		{3FCFFFBB-66F8-494A-9D67-F53F3F6F7E38}.DEV|Any CPU.ActiveCfg = DEV|Any CPU
		{3FCFFFBB-66F8-494A-9D67-F53F3F6F7E38}.DEV|Any CPU.Build.0 = DEV|Any CPU
		{3FCFFFBB-66F8-494A-9D67-F53F3F6F7E38}.PROD|Any CPU.ActiveCfg = PROD|Any CPU
		{3FCFFFBB-66F8-494A-9D67-F53F3F6F7E38}.PROD|Any CPU.Build.0 = PROD|Any CPU
		{3FCFFFBB-66F8-494A-9D67-F53F3F6F7E38}.UAT|Any CPU.ActiveCfg = UAT|Any CPU
		{3FCFFFBB-66F8-494A-9D67-F53F3F6F7E38}.UAT|Any CPU.Build.0 = UAT|Any CPU
		{529C45AA-83C7-447C-B4C3-D3DF4D716576}.DEV|Any CPU.ActiveCfg = DEV|Any CPU
		{529C45AA-83C7-447C-B4C3-D3DF4D716576}.DEV|Any CPU.Build.0 = DEV|Any CPU
		{529C45AA-83C7-447C-B4C3-D3DF4D716576}.PROD|Any CPU.ActiveCfg = PROD|Any CPU
		{529C45AA-83C7-447C-B4C3-D3DF4D716576}.PROD|Any CPU.Build.0 = PROD|Any CPU
		{529C45AA-83C7-447C-B4C3-D3DF4D716576}.UAT|Any CPU.ActiveCfg = UAT|Any CPU
		{529C45AA-83C7-447C-B4C3-D3DF4D716576}.UAT|Any CPU.Build.0 = UAT|Any CPU
		{4E2EE29E-E412-46E5-92BF-3BE4CED3DD1B}.DEV|Any CPU.ActiveCfg = DEV|Any CPU
		{4E2EE29E-E412-46E5-92BF-3BE4CED3DD1B}.DEV|Any CPU.Build.0 = DEV|Any CPU
		{4E2EE29E-E412-46E5-92BF-3BE4CED3DD1B}.PROD|Any CPU.ActiveCfg = PROD|Any CPU
		{4E2EE29E-E412-46E5-92BF-3BE4CED3DD1B}.PROD|Any CPU.Build.0 = PROD|Any CPU
		{4E2EE29E-E412-46E5-92BF-3BE4CED3DD1B}.UAT|Any CPU.ActiveCfg = UAT|Any CPU
		{4E2EE29E-E412-46E5-92BF-3BE4CED3DD1B}.UAT|Any CPU.Build.0 = UAT|Any CPU
		{6AD3BD1A-40CB-4D02-8F05-611D5BBEA98D}.DEV|Any CPU.ActiveCfg = DEV|Any CPU
		{6AD3BD1A-40CB-4D02-8F05-611D5BBEA98D}.DEV|Any CPU.Build.0 = DEV|Any CPU
		{6AD3BD1A-40CB-4D02-8F05-611D5BBEA98D}.PROD|Any CPU.ActiveCfg = PROD|Any CPU
		{6AD3BD1A-40CB-4D02-8F05-611D5BBEA98D}.PROD|Any CPU.Build.0 = PROD|Any CPU
		{6AD3BD1A-40CB-4D02-8F05-611D5BBEA98D}.UAT|Any CPU.ActiveCfg = UAT|Any CPU
		{6AD3BD1A-40CB-4D02-8F05-611D5BBEA98D}.UAT|Any CPU.Build.0 = UAT|Any CPU
		{64FC8CEE-3591-4ACA-B99E-5A6DCD0B2B39}.DEV|Any CPU.ActiveCfg = DEV|Any CPU
		{64FC8CEE-3591-4ACA-B99E-5A6DCD0B2B39}.DEV|Any CPU.Build.0 = DEV|Any CPU
		{64FC8CEE-3591-4ACA-B99E-5A6DCD0B2B39}.PROD|Any CPU.ActiveCfg = PROD|Any CPU
		{64FC8CEE-3591-4ACA-B99E-5A6DCD0B2B39}.PROD|Any CPU.Build.0 = PROD|Any CPU
		{64FC8CEE-3591-4ACA-B99E-5A6DCD0B2B39}.UAT|Any CPU.ActiveCfg = UAT|Any CPU
		{64FC8CEE-3591-4ACA-B99E-5A6DCD0B2B39}.UAT|Any CPU.Build.0 = UAT|Any CPU
		{95A4428F-79A9-4E4E-9A67-E40DE135A86B}.DEV|Any CPU.ActiveCfg = DEV|Any CPU
		{95A4428F-79A9-4E4E-9A67-E40DE135A86B}.DEV|Any CPU.Build.0 = DEV|Any CPU
		{95A4428F-79A9-4E4E-9A67-E40DE135A86B}.PROD|Any CPU.ActiveCfg = PROD|Any CPU
		{95A4428F-79A9-4E4E-9A67-E40DE135A86B}.PROD|Any CPU.Build.0 = PROD|Any CPU
		{95A4428F-79A9-4E4E-9A67-E40DE135A86B}.UAT|Any CPU.ActiveCfg = UAT|Any CPU
		{95A4428F-79A9-4E4E-9A67-E40DE135A86B}.UAT|Any CPU.Build.0 = UAT|Any CPU
		{80C51C05-DBD1-4117-A626-0F1FFE247BA1}.DEV|Any CPU.ActiveCfg = DEV|Any CPU
		{80C51C05-DBD1-4117-A626-0F1FFE247BA1}.DEV|Any CPU.Build.0 = DEV|Any CPU
		{80C51C05-DBD1-4117-A626-0F1FFE247BA1}.PROD|Any CPU.ActiveCfg = PROD|Any CPU
		{80C51C05-DBD1-4117-A626-0F1FFE247BA1}.PROD|Any CPU.Build.0 = PROD|Any CPU
		{80C51C05-DBD1-4117-A626-0F1FFE247BA1}.UAT|Any CPU.ActiveCfg = UAT|Any CPU
		{80C51C05-DBD1-4117-A626-0F1FFE247BA1}.UAT|Any CPU.Build.0 = UAT|Any CPU
		{F215FA31-9401-4BF0-9B92-B3ECFAFE5A7B}.DEV|Any CPU.ActiveCfg = DEV|Any CPU
		{F215FA31-9401-4BF0-9B92-B3ECFAFE5A7B}.DEV|Any CPU.Build.0 = DEV|Any CPU
		{F215FA31-9401-4BF0-9B92-B3ECFAFE5A7B}.PROD|Any CPU.ActiveCfg = PROD|Any CPU
		{F215FA31-9401-4BF0-9B92-B3ECFAFE5A7B}.PROD|Any CPU.Build.0 = PROD|Any CPU
		{F215FA31-9401-4BF0-9B92-B3ECFAFE5A7B}.UAT|Any CPU.ActiveCfg = UAT|Any CPU
		{F215FA31-9401-4BF0-9B92-B3ECFAFE5A7B}.UAT|Any CPU.Build.0 = UAT|Any CPU
		{057CC454-51C7-4B56-8484-0548D26594D1}.DEV|Any CPU.ActiveCfg = DEV|Any CPU
		{057CC454-51C7-4B56-8484-0548D26594D1}.DEV|Any CPU.Build.0 = DEV|Any CPU
		{057CC454-51C7-4B56-8484-0548D26594D1}.PROD|Any CPU.ActiveCfg = PROD|Any CPU
		{057CC454-51C7-4B56-8484-0548D26594D1}.PROD|Any CPU.Build.0 = PROD|Any CPU
		{057CC454-51C7-4B56-8484-0548D26594D1}.UAT|Any CPU.ActiveCfg = UAT|Any CPU
		{057CC454-51C7-4B56-8484-0548D26594D1}.UAT|Any CPU.Build.0 = UAT|Any CPU
		{BBC16CB9-99E5-4FA7-88B5-BA650B1E690A}.DEV|Any CPU.ActiveCfg = DEV|Any CPU
		{BBC16CB9-99E5-4FA7-88B5-BA650B1E690A}.DEV|Any CPU.Build.0 = DEV|Any CPU
		{BBC16CB9-99E5-4FA7-88B5-BA650B1E690A}.PROD|Any CPU.ActiveCfg = PROD|Any CPU
		{BBC16CB9-99E5-4FA7-88B5-BA650B1E690A}.PROD|Any CPU.Build.0 = PROD|Any CPU
		{BBC16CB9-99E5-4FA7-88B5-BA650B1E690A}.UAT|Any CPU.ActiveCfg = UAT|Any CPU
		{BBC16CB9-99E5-4FA7-88B5-BA650B1E690A}.UAT|Any CPU.Build.0 = UAT|Any CPU
	EndGlobalSection
	GlobalSection(SolutionProperties) = preSolution
		HideSolutionNode = FALSE
	EndGlobalSection
	GlobalSection(NestedProjects) = preSolution
		{032B4A35-6EBF-4173-8B59-CF4F9F0ED3A1} = {A30866EE-2F63-4F50-9524-57316C429284}
		{E065B537-BC77-4679-92C7-A2267A6D880D} = {A30866EE-2F63-4F50-9524-57316C429284}
		{F3C89704-50FA-47A9-9695-41C0BF0EEDC9} = {A30866EE-2F63-4F50-9524-57316C429284}
		{F753BBB1-ACEB-43E2-98DD-59F6202A7357} = {A30866EE-2F63-4F50-9524-57316C429284}
		{5A1E6010-D3F2-4BDB-B517-B5BB203CABF2} = {4BF77AC1-7947-4A5B-9799-696FAA3B6B6F}
		{1328E1FC-D26F-412A-B2E7-2AF1A1014F9B} = {DD23A355-388F-49D1-BCC6-43BD8B49CAE4}
		{4052AC36-F094-44D5-B510-E54336487EBB} = {DD23A355-388F-49D1-BCC6-43BD8B49CAE4}
		{D0ABE046-8958-4568-9CEC-4E7FC703E984} = {F106F563-3798-45D8-B381-4FC6840AE3E2}
		{513A56D4-D750-476A-9A83-6430FA91FFD2} = {F106F563-3798-45D8-B381-4FC6840AE3E2}
		{8E608512-E85F-4217-83D3-C02F3F165394} = {622377BE-9BE6-4B44-9EDC-8DEA6C498D55}
		{8BA8540F-77EC-467F-8FCE-82358B583217} = {622377BE-9BE6-4B44-9EDC-8DEA6C498D55}
		{144A95ED-2CFB-4E3B-BFCB-9DFE380A8479} = {622377BE-9BE6-4B44-9EDC-8DEA6C498D55}
		{1D054367-9EC3-4F47-B840-13BB282D040D} = {622377BE-9BE6-4B44-9EDC-8DEA6C498D55}
		{3FCFFFBB-66F8-494A-9D67-F53F3F6F7E38} = {144A95ED-2CFB-4E3B-BFCB-9DFE380A8479}
		{529C45AA-83C7-447C-B4C3-D3DF4D716576} = {8E608512-E85F-4217-83D3-C02F3F165394}
		{4E2EE29E-E412-46E5-92BF-3BE4CED3DD1B} = {8BA8540F-77EC-467F-8FCE-82358B583217}
		{6AD3BD1A-40CB-4D02-8F05-611D5BBEA98D} = {1D054367-9EC3-4F47-B840-13BB282D040D}
		{64FC8CEE-3591-4ACA-B99E-5A6DCD0B2B39} = {1D054367-9EC3-4F47-B840-13BB282D040D}
		{95A4428F-79A9-4E4E-9A67-E40DE135A86B} = {1D054367-9EC3-4F47-B840-13BB282D040D}
		{C0FD95E5-001A-4AAF-BBCC-038FD9362837} = {622377BE-9BE6-4B44-9EDC-8DEA6C498D55}
		{80C51C05-DBD1-4117-A626-0F1FFE247BA1} = {C0FD95E5-001A-4AAF-BBCC-038FD9362837}
		{F215FA31-9401-4BF0-9B92-B3ECFAFE5A7B} = {E19BCBC7-F5AA-492A-B900-78B43CF83AF7}
		{5E34215B-28AB-4A05-B3D8-EA7B3103971A} = {622377BE-9BE6-4B44-9EDC-8DEA6C498D55}
		{D8096C94-7D0C-46AB-B98B-2F52AD4AD066} = {622377BE-9BE6-4B44-9EDC-8DEA6C498D55}
		{69EA1831-CA99-4B19-B256-13D22A0E32FE} = {622377BE-9BE6-4B44-9EDC-8DEA6C498D55}
		{057CC454-51C7-4B56-8484-0548D26594D1} = {69EA1831-CA99-4B19-B256-13D22A0E32FE}
		{4BF77AC1-7947-4A5B-9799-696FAA3B6B6F} = {622377BE-9BE6-4B44-9EDC-8DEA6C498D55}
		{E2B56E73-6B3C-42F0-81E9-74FDF05CBB1C} = {622377BE-9BE6-4B44-9EDC-8DEA6C498D55}
		{BBC16CB9-99E5-4FA7-88B5-BA650B1E690A} = {E2B56E73-6B3C-42F0-81E9-74FDF05CBB1C}
	EndGlobalSection
	GlobalSection(ExtensibilityGlobals) = postSolution
		SolutionGuid = {B385B849-7D85-4824-9205-8B10B5F68129}
	EndGlobalSection
EndGlobal
